
Microsoft Visual Studio Solution File, Format Version 12.00
# Visual Studio Version 17
VisualStudioVersion = 17.11.35327.3
MinimumVisualStudioVersion = 10.0.40219.1
Project("{FAE04EC0-301F-11D3-BF4B-00C04F79EFBC}") = "Core", "Core.csproj", "{C30B9E19-4189-4C35-B43B-21B00128A277}"
EndProject
Project("{FAE04EC0-301F-11D3-BF4B-00C04F79EFBC}") = "Infrastructure", "..\Infrastructure\Infrastructure.csproj", "{6601245F-6F8E-48B4-8BD4-DFCD76B4B42B}"
EndProject
Global
	GlobalSection(SolutionConfigurationPlatforms) = preSolution
		Debug|Any CPU = Debug|Any CPU
		Release|Any CPU = Release|Any CPU
	EndGlobalSection
	GlobalSection(ProjectConfigurationPlatforms) = postSolution
		{C30B9E19-4189-4C35-B43B-21B00128A277}.Debug|Any CPU.ActiveCfg = Debug|Any CPU
		{C30B9E19-4189-4C35-B43B-21B00128A277}.Debug|Any CPU.Build.0 = Debug|Any CPU
		{C30B9E19-4189-4C35-B43B-21B00128A277}.Release|Any CPU.ActiveCfg = Release|Any CPU
		{C30B9E19-4189-4C35-B43B-21B00128A277}.Release|Any CPU.Build.0 = Release|Any CPU
		{6601245F-6F8E-48B4-8BD4-DFCD76B4B42B}.Debug|Any CPU.ActiveCfg = Debug|Any CPU
		{6601245F-6F8E-48B4-8BD4-DFCD76B4B42B}.Debug|Any CPU.Build.0 = Debug|Any CPU
		{6601245F-6F8E-48B4-8BD4-DFCD76B4B42B}.Release|Any CPU.ActiveCfg = Release|Any CPU
		{6601245F-6F8E-48B4-8BD4-DFCD76B4B42B}.Release|Any CPU.Build.0 = Release|Any CPU
	EndGlobalSection
	GlobalSection(SolutionProperties) = preSolution
		HideSolutionNode = FALSE
	EndGlobalSection
	GlobalSection(ExtensibilityGlobals) = postSolution
		SolutionGuid = {6CB2F7B7-CFA0-4778-9B00-B82D46EEB372}
	EndGlobalSection
EndGlobal
